
Microsoft Visual Studio Solution File, Format Version 12.00
# Visual Studio Version 16
VisualStudioVersion = 16.0.30204.135
MinimumVisualStudioVersion = 10.0.40219.1
Project("{FAE04EC0-301F-11D3-BF4B-00C04F79EFBC}") = "The7class", "The7class\The7class.csproj", "{10E779F6-CC67-4317-AFF2-79D6197AC6EB}"
EndProject
Global
	GlobalSection(SolutionConfigurationPlatforms) = preSolution
		Debug|Any CPU = Debug|Any CPU
		Release|Any CPU = Release|Any CPU
	EndGlobalSection
	GlobalSection(ProjectConfigurationPlatforms) = postSolution
		{10E779F6-CC67-4317-AFF2-79D6197AC6EB}.Debug|Any CPU.ActiveCfg = Debug|Any CPU
		{10E779F6-CC67-4317-AFF2-79D6197AC6EB}.Debug|Any CPU.Build.0 = Debug|Any CPU
		{10E779F6-CC67-4317-AFF2-79D6197AC6EB}.Release|Any CPU.ActiveCfg = Release|Any CPU
		{10E779F6-CC67-4317-AFF2-79D6197AC6EB}.Release|Any CPU.Build.0 = Release|Any CPU
	EndGlobalSection
	GlobalSection(SolutionProperties) = preSolution
		HideSolutionNode = FALSE
	EndGlobalSection
	GlobalSection(ExtensibilityGlobals) = postSolution
		SolutionGuid = {FCFD1350-FCA0-4B5A-9FB7-9C8F7BC48242}
	EndGlobalSection
EndGlobal
